
Microsoft Visual Studio Solution File, Format Version 12.00
# Visual Studio Version 17
VisualStudioVersion = 17.14.36408.4 d17.14
MinimumVisualStudioVersion = 10.0.40219.1
Project("{FAE04EC0-301F-11D3-BF4B-00C04F79EFBC}") = "GestorDatosSolution", "GestorDatosSolution\GestorDatosSolution.csproj", "{F84191E2-1FFE-4DF1-9BFF-136FAD0E6B91}"
EndProject
Project("{FAE04EC0-301F-11D3-BF4B-00C04F79EFBC}") = "GestorDatos", "GestorDatos\GestorDatos.csproj", "{00F70596-FFC9-47A3-B9FD-E13F94DD1C01}"
EndProject
Project("{FAE04EC0-301F-11D3-BF4B-00C04F79EFBC}") = "DataSerializers", "DataSerializers\DataSerializers.csproj", "{14AE7C3D-5A80-40B3-A412-80CD9E82C249}"
EndProject
Global
	GlobalSection(SolutionConfigurationPlatforms) = preSolution
		Debug|Any CPU = Debug|Any CPU
		Release|Any CPU = Release|Any CPU
	EndGlobalSection
	GlobalSection(ProjectConfigurationPlatforms) = postSolution
		{F84191E2-1FFE-4DF1-9BFF-136FAD0E6B91}.Debug|Any CPU.ActiveCfg = Debug|Any CPU
		{F84191E2-1FFE-4DF1-9BFF-136FAD0E6B91}.Debug|Any CPU.Build.0 = Debug|Any CPU
		{F84191E2-1FFE-4DF1-9BFF-136FAD0E6B91}.Release|Any CPU.ActiveCfg = Release|Any CPU
		{F84191E2-1FFE-4DF1-9BFF-136FAD0E6B91}.Release|Any CPU.Build.0 = Release|Any CPU
		{00F70596-FFC9-47A3-B9FD-E13F94DD1C01}.Debug|Any CPU.ActiveCfg = Debug|Any CPU
		{00F70596-FFC9-47A3-B9FD-E13F94DD1C01}.Debug|Any CPU.Build.0 = Debug|Any CPU
		{00F70596-FFC9-47A3-B9FD-E13F94DD1C01}.Release|Any CPU.ActiveCfg = Release|Any CPU
		{00F70596-FFC9-47A3-B9FD-E13F94DD1C01}.Release|Any CPU.Build.0 = Release|Any CPU
		{14AE7C3D-5A80-40B3-A412-80CD9E82C249}.Debug|Any CPU.ActiveCfg = Debug|Any CPU
		{14AE7C3D-5A80-40B3-A412-80CD9E82C249}.Debug|Any CPU.Build.0 = Debug|Any CPU
		{14AE7C3D-5A80-40B3-A412-80CD9E82C249}.Release|Any CPU.ActiveCfg = Release|Any CPU
		{14AE7C3D-5A80-40B3-A412-80CD9E82C249}.Release|Any CPU.Build.0 = Release|Any CPU
	EndGlobalSection
	GlobalSection(SolutionProperties) = preSolution
		HideSolutionNode = FALSE
	EndGlobalSection
	GlobalSection(ExtensibilityGlobals) = postSolution
		SolutionGuid = {E102ED1F-2B6C-449A-B424-196289906859}
	EndGlobalSection
EndGlobal
